// !$*UTF8*$!
{
	archiveVersion = 1;
	classes = {
	};
	objectVersion = 77;
	objects = {

/* Begin PBXContainerItemProxy section */
		91ACC02D2FA6B4E6003E8F87 /* PBXContainerItemProxy */ = {
			isa = PBXContainerItemProxy;
			containerPortal = 91ACC0172FA6B4E5003E8F87 /* Project object */;
			proxyType = 1;
			remoteGlobalIDString = 91ACC01E2FA6B4E6003E8F87;
			remoteInfo = GoalTracker;
		};
		91ACC0372FA6B4E6003E8F87 /* PBXContainerItemProxy */ = {
			isa = PBXContainerItemProxy;
			containerPortal = 91ACC0172FA6B4E5003E8F87 /* Project object */;
			proxyType = 1;
			remoteGlobalIDString = 91ACC01E2FA6B4E6003E8F87;
			remoteInfo = GoalTracker;
		};
/* End PBXContainerItemProxy section */

/* Begin PBXFileReference section */
		91ACC01F2FA6B4E6003E8F87 /* GoalTracker.app */ = {isa = PBXFileReference; explicitFileType = wrapper.application; includeInIndex = 0; path = GoalTracker.app; sourceTree = BUILT_PRODUCTS_DIR; };
		91ACC02C2FA6B4E6003E8F87 /* GoalTrackerTests.xctest */ = {isa = PBXFileReference; explicitFileType = wrapper.cfbundle; includeInIndex = 0; path = GoalTrackerTests.xctest; sourceTree = BUILT_PRODUCTS_DIR; };
		91ACC0362FA6B4E6003E8F87 /* GoalTrackerUITests.xctest */ = {isa = PBXFileReference; explicitFileType = wrapper.cfbundle; includeInIndex = 0; path = GoalTrackerUITests.xctest; sourceTree = BUILT_PRODUCTS_DIR; };
/* End PBXFileReference section */

/* Begin PBXFileSystemSynchronizedRootGroup section */
		91ACC0212FA6B4E6003E8F87 /* GoalTracker */ = {
			isa = PBXFileSystemSynchronizedRootGroup;
			path = GoalTracker;
			sourceTree = "<group>";
		};
		91ACC02F2FA6B4E6003E8F87 /* GoalTrackerTests */ = {
			isa = PBXFileSystemSynchronizedRootGroup;
			path = GoalTrackerTests;
			sourceTree = "<group>";
		};
		91ACC0392FA6B4E6003E8F87 /* GoalTrackerUITests */ = {
			isa = PBXFileSystemSynchronizedRootGroup;
			path = GoalTrackerUITests;
			sourceTree = "<group>";
		};
/* End PBXFileSystemSynchronizedRootGroup section */

/* Begin PBXFrameworksBuildPhase section */
		91ACC01C2FA6B4E6003E8F87 /* Frameworks */ = {
			isa = PBXFrameworksBuildPhase;
			buildActionMask = 2147483647;
			files = (
			);
			runOnlyForDeploymentPostprocessing = 0;
		};
		91ACC0292FA6B4E6003E8F87 /* Frameworks */ = {
			isa = PBXFrameworksBuildPhase;
			buildActionMask = 2147483647;
			files = (
			);
			runOnlyForDeploymentPostprocessing = 0;
		};
		91ACC0332FA6B4E6003E8F87 /* Frameworks */ = {
			isa = PBXFrameworksBuildPhase;
			buildActionMask = 2147483647;
			files = (
			);
			runOnlyForDeploymentPostprocessing = 0;
		};
/* End PBXFrameworksBuildPhase section */

/* Begin PBXGroup section */
		91ACC0162FA6B4E5003E8F87 = {
			isa = PBXGroup;
			children = (
				91ACC0212FA6B4E6003E8F87 /* GoalTracker */,
				91ACC02F2FA6B4E6003E8F87 /* GoalTrackerTests */,
				91ACC0392FA6B4E6003E8F87 /* GoalTrackerUITests */,
				91ACC0202FA6B4E6003E8F87 /* Products */,
			);
			sourceTree = "<group>";
		};
		91ACC0202FA6B4E6003E8F87 /* Products */ = {
			isa = PBXGroup;
			children = (
				91ACC01F2FA6B4E6003E8F87 /* GoalTracker.app */,
				91ACC02C2FA6B4E6003E8F87 /* GoalTrackerTests.xctest */,
				91ACC0362FA6B4E6003E8F87 /* GoalTrackerUITests.xctest */,
			);
			name = Products;
			sourceTree = "<group>";
		};
/* End PBXGroup section */

/* Begin PBXNativeTarget section */
		91ACC01E2FA6B4E6003E8F87 /* GoalTracker */ = {
			isa = PBXNativeTarget;
			buildConfigurationList = 91ACC0402FA6B4E6003E8F87 /* Build configuration list for PBXNativeTarget "GoalTracker" */;
			buildPhases = (
				91ACC01B2FA6B4E6003E8F87 /* Sources */,
				91ACC01C2FA6B4E6003E8F87 /* Frameworks */,
				91ACC01D2FA6B4E6003E8F87 /* Resources */,
			);
			buildRules = (
			);
			dependencies = (
			);
			fileSystemSynchronizedGroups = (
				91ACC0212FA6B4E6003E8F87 /* GoalTracker */,
			);
			name = GoalTracker;
			packageProductDependencies = (
			);
			productName = GoalTracker;
			productReference = 91ACC01F2FA6B4E6003E8F87 /* GoalTracker.app */;
			productType = "com.apple.product-type.application";
		};
		91ACC02B2FA6B4E6003E8F87 /* GoalTrackerTests */ = {
			isa = PBXNativeTarget;
			buildConfigurationList = 91ACC0432FA6B4E6003E8F87 /* Build configuration list for PBXNativeTarget "GoalTrackerTests" */;
			buildPhases = (
				91ACC0282FA6B4E6003E8F87 /* Sources */,
				91ACC0292FA6B4E6003E8F87 /* Frameworks */,
				91ACC02A2FA6B4E6003E8F87 /* Resources */,
			);
			buildRules = (
			);
			dependencies = (
				91ACC02E2FA6B4E6003E8F87 /* PBXTargetDependency */,
			);
			fileSystemSynchronizedGroups = (
				91ACC02F2FA6B4E6003E8F87 /* GoalTrackerTests */,
			);
			name = GoalTrackerTests;
			packageProductDependencies = (
			);
			productName = GoalTrackerTests;
			productReference = 91ACC02C2FA6B4E6003E8F87 /* GoalTrackerTests.xctest */;
			productType = "com.apple.product-type.bundle.unit-test";
		};
		91ACC0352FA6B4E6003E8F87 /* GoalTrackerUITests */ = {
			isa = PBXNativeTarget;
			buildConfigurationList = 91ACC0462FA6B4E6003E8F87 /* Build configuration list for PBXNativeTarget "GoalTrackerUITests" */;
			buildPhases = (
				91ACC0322FA6B4E6003E8F87 /* Sources */,
				91ACC0332FA6B4E6003E8F87 /* Frameworks */,
				91ACC0342FA6B4E6003E8F87 /* Resources */,
			);
			buildRules = (
			);
			dependencies = (
				91ACC0382FA6B4E6003E8F87 /* PBXTargetDependency */,
			);
			fileSystemSynchronizedGroups = (
				91ACC0392FA6B4E6003E8F87 /* GoalTrackerUITests */,
			);
			name = GoalTrackerUITests;
			packageProductDependencies = (
			);
			productName = GoalTrackerUITests;
			productReference = 91ACC0362FA6B4E6003E8F87 /* GoalTrackerUITests.xctest */;
			productType = "com.apple.product-type.bundle.ui-testing";
		};
/* End PBXNativeTarget section */

/* Begin PBXProject section */
		91ACC0172FA6B4E5003E8F87 /* Project object */ = {
			isa = PBXProject;
			attributes = {
				BuildIndependentTargetsInParallel = 1;
				LastSwiftUpdateCheck = 2640;
				LastUpgradeCheck = 2640;
				TargetAttributes = {
					91ACC01E2FA6B4E6003E8F87 = {
						CreatedOnToolsVersion = 26.4.1;
					};
					91ACC02B2FA6B4E6003E8F87 = {
						CreatedOnToolsVersion = 26.4.1;
						TestTargetID = 91ACC01E2FA6B4E6003E8F87;
					};
					91ACC0352FA6B4E6003E8F87 = {
						CreatedOnToolsVersion = 26.4.1;
						TestTargetID = 91ACC01E2FA6B4E6003E8F87;
					};
				};
			};
			buildConfigurationList = 91ACC01A2FA6B4E5003E8F87 /* Build configuration list for PBXProject "GoalTracker" */;
			developmentRegion = en;
			hasScannedForEncodings = 0;
			knownRegions = (
				en,
				Base,
			);
			mainGroup = 91ACC0162FA6B4E5003E8F87;
			minimizedProjectReferenceProxies = 1;
			preferredProjectObjectVersion = 77;
			productRefGroup = 91ACC0202FA6B4E6003E8F87 /* Products */;
			projectDirPath = "";
			projectRoot = "";
			targets = (
				91ACC01E2FA6B4E6003E8F87 /* GoalTracker */,
				91ACC02B2FA6B4E6003E8F87 /* GoalTrackerTests */,
				91ACC0352FA6B4E6003E8F87 /* GoalTrackerUITests */,
			);
		};
/* End PBXProject section */

/* Begin PBXResourcesBuildPhase section */
		91ACC01D2FA6B4E6003E8F87 /* Resources */ = {
			isa = PBXResourcesBuildPhase;
			buildActionMask = 2147483647;
			files = (
			);
			runOnlyForDeploymentPostprocessing = 0;
		};
		91ACC02A2FA6B4E6003E8F87 /* Resources */ = {
			isa = PBXResourcesBuildPhase;
			buildActionMask = 2147483647;
			files = (
			);
			runOnlyForDeploymentPostprocessing = 0;
		};
		91ACC0342FA6B4E6003E8F87 /* Resources */ = {
			isa = PBXResourcesBuildPhase;
			buildActionMask = 2147483647;
			files = (
			);
			runOnlyForDeploymentPostprocessing = 0;
		};
/* End PBXResourcesBuildPhase section */

/* Begin PBXSourcesBuildPhase section */
		91ACC01B2FA6B4E6003E8F87 /* Sources */ = {
			isa = PBXSourcesBuildPhase;
			buildActionMask = 2147483647;
			files = (
			);
			runOnlyForDeploymentPostprocessing = 0;
		};
		91ACC0282FA6B4E6003E8F87 /* Sources */ = {
			isa = PBXSourcesBuildPhase;
			buildActionMask = 2147483647;
			files = (
			);
			runOnlyForDeploymentPostprocessing = 0;
		};
		91ACC0322FA6B4E6003E8F87 /* Sources */ = {
			isa = PBXSourcesBuildPhase;
			buildActionMask = 2147483647;
			files = (
			);
			runOnlyForDeploymentPostprocessing = 0;
		};
/* End PBXSourcesBuildPhase section */

/* Begin PBXTargetDependency section */
		91ACC02E2FA6B4E6003E8F87 /* PBXTargetDependency */ = {
			isa = PBXTargetDependency;
			target = 91ACC01E2FA6B4E6003E8F87 /* GoalTracker */;
			targetProxy = 91ACC02D2FA6B4E6003E8F87 /* PBXContainerItemProxy */;
		};
		91ACC0382FA6B4E6003E8F87 /* PBXTargetDependency */ = {
			isa = PBXTargetDependency;
			target = 91ACC01E2FA6B4E6003E8F87 /* GoalTracker */;
			targetProxy = 91ACC0372FA6B4E6003E8F87 /* PBXContainerItemProxy */;
		};
/* End PBXTargetDependency section */

/* Begin XCBuildConfiguration section */
		91ACC03E2FA6B4E6003E8F87 /* Debug */ = {
			isa = XCBuildConfiguration;
			buildSettings = {
				ALWAYS_SEARCH_USER_PATHS = NO;
				ASSETCATALOG_COMPILER_GENERATE_SWIFT_ASSET_SYMBOL_EXTENSIONS = YES;
				CLANG_ANALYZER_NONNULL = YES;
				CLANG_ANALYZER_NUMBER_OBJECT_CONVERSION = YES_AGGRESSIVE;
				CLANG_CXX_LANGUAGE_STANDARD = "gnu++20";
				CLANG_ENABLE_MODULES = YES;
				CLANG_ENABLE_OBJC_ARC = YES;
				CLANG_ENABLE_OBJC_WEAK = YES;
				CLANG_WARN_BLOCK_CAPTURE_AUTORELEASING = YES;
				CLANG_WARN_BOOL_CONVERSION = YES;
				CLANG_WARN_COMMA = YES;
				CLANG_WARN_CONSTANT_CONVERSION = YES;
				CLANG_WARN_DEPRECATED_OBJC_IMPLEMENTATIONS = YES;
				CLANG_WARN_DIRECT_OBJC_ISA_USAGE = YES_ERROR;
				CLANG_WARN_DOCUMENTATION_COMMENTS = YES;
				CLANG_WARN_EMPTY_BODY = YES;
				CLANG_WARN_ENUM_CONVERSION = YES;
				CLANG_WARN_INFINITE_RECURSION = YES;
				CLANG_WARN_INT_CONVERSION = YES;
				CLANG_WARN_NON_LITERAL_NULL_CONVERSION = YES;
				CLANG_WARN_OBJC_IMPLICIT_RETAIN_SELF = YES;
				CLANG_WARN_OBJC_LITERAL_CONVERSION = YES;
				CLANG_WARN_OBJC_ROOT_CLASS = YES_ERROR;
				CLANG_WARN_QUOTED_INCLUDE_IN_FRAMEWORK_HEADER = YES;
				CLANG_WARN_RANGE_LOOP_ANALYSIS = YES;
				CLANG_WARN_STRICT_PROTOTYPES = YES;
				CLANG_WARN_SUSPICIOUS_MOVE = YES;
				CLANG_WARN_UNGUARDED_AVAILABILITY = YES_AGGRESSIVE;
				CLANG_WARN_UNREACHABLE_CODE = YES;
				CLANG_WARN__DUPLICATE_METHOD_MATCH = YES;
				COPY_PHASE_STRIP = NO;
				DEBUG_INFORMATION_FORMAT = dwarf;
				DEVELOPMENT_TEAM = QFXSZ288GU;
				ENABLE_STRICT_OBJC_MSGSEND = YES;
				ENABLE_TESTABILITY = YES;
				ENABLE_USER_SCRIPT_SANDBOXING = YES;
				GCC_C_LANGUAGE_STANDARD = gnu17;
				GCC_DYNAMIC_NO_PIC = NO;
				GCC_NO_COMMON_BLOCKS = YES;
				GCC_OPTIMIZATION_LEVEL = 0;
				GCC_PREPROCESSOR_DEFINITIONS = (
					"DEBUG=1",
					"$(inherited)",
				);
				GCC_WARN_64_TO_32_BIT_CONVERSION = YES;
				GCC_WARN_ABOUT_RETURN_TYPE = YES_ERROR;
				GCC_WARN_UNDECLARED_SELECTOR = YES;
				GCC_WARN_UNINITIALIZED_AUTOS = YES_AGGRESSIVE;
				GCC_WARN_UNUSED_FUNCTION = YES;
				GCC_WARN_UNUSED_VARIABLE = YES;
				IPHONEOS_DEPLOYMENT_TARGET = 26.4;
				LOCALIZATION_PREFERS_STRING_CATALOGS = YES;
				MTL_ENABLE_DEBUG_INFO = INCLUDE_SOURCE;
				MTL_FAST_MATH = YES;
				ONLY_ACTIVE_ARCH = YES;
				SDKROOT = iphoneos;
				SWIFT_ACTIVE_COMPILATION_CONDITIONS = "DEBUG $(inherited)";
				SWIFT_OPTIMIZATION_LEVEL = "-Onone";
			};
			name = Debug;
		};
		91ACC03F2FA6B4E6003E8F87 /* Release */ = {
			isa = XCBuildConfiguration;
			buildSettings = {
				ALWAYS_SEARCH_USER_PATHS = NO;
				ASSETCATALOG_COMPILER_GENERATE_SWIFT_ASSET_SYMBOL_EXTENSIONS = YES;
				CLANG_ANALYZER_NONNULL = YES;
				CLANG_ANALYZER_NUMBER_OBJECT_CONVERSION = YES_AGGRESSIVE;
				CLANG_CXX_LANGUAGE_STANDARD = "gnu++20";
				CLANG_ENABLE_MODULES = YES;
				CLANG_ENABLE_OBJC_ARC = YES;
				CLANG_ENABLE_OBJC_WEAK = YES;
				CLANG_WARN_BLOCK_CAPTURE_AUTORELEASING = YES;
				CLANG_WARN_BOOL_CONVERSION = YES;
				CLANG_WARN_COMMA = YES;
				CLANG_WARN_CONSTANT_CONVERSION = YES;
				CLANG_WARN_DEPRECATED_OBJC_IMPLEMENTATIONS = YES;
				CLANG_WARN_DIRECT_OBJC_ISA_USAGE = YES_ERROR;
				CLANG_WARN_DOCUMENTATION_COMMENTS = YES;
				CLANG_WARN_EMPTY_BODY = YES;
				CLANG_WARN_ENUM_CONVERSION = YES;
				CLANG_WARN_INFINITE_RECURSION = YES;
				CLANG_WARN_INT_CONVERSION = YES;
				CLANG_WARN_NON_LITERAL_NULL_CONVERSION = YES;
				CLANG_WARN_OBJC_IMPLICIT_RETAIN_SELF = YES;
				CLANG_WARN_OBJC_LITERAL_CONVERSION = YES;
				CLANG_WARN_OBJC_ROOT_CLASS = YES_ERROR;
				CLANG_WARN_QUOTED_INCLUDE_IN_FRAMEWORK_HEADER = YES;
				CLANG_WARN_RANGE_LOOP_ANALYSIS = YES;
				CLANG_WARN_STRICT_PROTOTYPES = YES;
				CLANG_WARN_SUSPICIOUS_MOVE = YES;
				CLANG_WARN_UNGUARDED_AVAILABILITY = YES_AGGRESSIVE;
				CLANG_WARN_UNREACHABLE_CODE = YES;
				CLANG_WARN__DUPLICATE_METHOD_MATCH = YES;
				COPY_PHASE_STRIP = NO;
				DEBUG_INFORMATION_FORMAT = "dwarf-with-dsym";
				DEVELOPMENT_TEAM = QFXSZ288GU;
				ENABLE_NS_ASSERTIONS = NO;
				ENABLE_STRICT_OBJC_MSGSEND = YES;
				ENABLE_USER_SCRIPT_SANDBOXING = YES;
				GCC_C_LANGUAGE_STANDARD = gnu17;
				GCC_NO_COMMON_BLOCKS = YES;
				GCC_WARN_64_TO_32_BIT_CONVERSION = YES;
				GCC_WARN_ABOUT_RETURN_TYPE = YES_ERROR;
				GCC_WARN_UNDECLARED_SELECTOR = YES;
				GCC_WARN_UNINITIALIZED_AUTOS = YES_AGGRESSIVE;
				GCC_WARN_UNUSED_FUNCTION = YES;
				GCC_WARN_UNUSED_VARIABLE = YES;
				IPHONEOS_DEPLOYMENT_TARGET = 26.4;
				LOCALIZATION_PREFERS_STRING_CATALOGS = YES;
				MTL_ENABLE_DEBUG_INFO = NO;
				MTL_FAST_MATH = YES;
				SDKROOT = iphoneos;
				SWIFT_COMPILATION_MODE = wholemodule;
				VALIDATE_PRODUCT = YES;
			};
			name = Release;
		};
		91ACC0412FA6B4E6003E8F87 /* Debug */ = {
			isa = XCBuildConfiguration;
			buildSettings = {
				ASSETCATALOG_COMPILER_APPICON_NAME = AppIcon;
				ASSETCATALOG_COMPILER_GLOBAL_ACCENT_COLOR_NAME = AccentColor;
				CODE_SIGN_STYLE = Automatic;
				CURRENT_PROJECT_VERSION = 1;
				DEVELOPMENT_TEAM = QFXSZ288GU;
				ENABLE_PREVIEWS = YES;
				GENERATE_INFOPLIST_FILE = YES;
				INFOPLIST_KEY_UIApplicationSceneManifest_Generation = YES;
				INFOPLIST_KEY_UIApplicationSupportsIndirectInputEvents = YES;
				INFOPLIST_KEY_UILaunchScreen_Generation = YES;
				INFOPLIST_KEY_UISupportedInterfaceOrientations_iPad = "UIInterfaceOrientationPortrait UIInterfaceOrientationPortraitUpsideDown UIInterfaceOrientationLandscapeLeft UIInterfaceOrientationLandscapeRight";
				INFOPLIST_KEY_UISupportedInterfaceOrientations_iPhone = "UIInterfaceOrientationPortrait UIInterfaceOrientationLandscapeLeft UIInterfaceOrientationLandscapeRight";
				LD_RUNPATH_SEARCH_PATHS = (
					"$(inherited)",
					"@executable_path/Frameworks",
				);
				MARKETING_VERSION = 1.0;
				PRODUCT_BUNDLE_IDENTIFIER = com.samuel.GoalTracker;
				PRODUCT_NAME = "$(TARGET_NAME)";
				STRING_CATALOG_GENERATE_SYMBOLS = YES;
				SWIFT_APPROACHABLE_CONCURRENCY = YES;
				SWIFT_DEFAULT_ACTOR_ISOLATION = MainActor;
				SWIFT_EMIT_LOC_STRINGS = YES;
				SWIFT_UPCOMING_FEATURE_MEMBER_IMPORT_VISIBILITY = YES;
				SWIFT_VERSION = 5.0;
				TARGETED_DEVICE_FAMILY = "1,2";
			};
			name = Debug;
		};
		91ACC0422FA6B4E6003E8F87 /* Release */ = {
			isa = XCBuildConfiguration;
			buildSettings = {
				ASSETCATALOG_COMPILER_APPICON_NAME = AppIcon;
				ASSETCATALOG_COMPILER_GLOBAL_ACCENT_COLOR_NAME = AccentColor;
				CODE_SIGN_STYLE = Automatic;
				CURRENT_PROJECT_VERSION = 1;
				DEVELOPMENT_TEAM = QFXSZ288GU;
				ENABLE_PREVIEWS = YES;
				GENERATE_INFOPLIST_FILE = YES;
				INFOPLIST_KEY_UIApplicationSceneManifest_Generation = YES;
				INFOPLIST_KEY_UIApplicationSupportsIndirectInputEvents = YES;
				INFOPLIST_KEY_UILaunchScreen_Generation = YES;
				INFOPLIST_KEY_UISupportedInterfaceOrientations_iPad = "UIInterfaceOrientationPortrait UIInterfaceOrientationPortraitUpsideDown UIInterfaceOrientationLandscapeLeft UIInterfaceOrientationLandscapeRight";
				INFOPLIST_KEY_UISupportedInterfaceOrientations_iPhone = "UIInterfaceOrientationPortrait UIInterfaceOrientationLandscapeLeft UIInterfaceOrientationLandscapeRight";
				LD_RUNPATH_SEARCH_PATHS = (
					"$(inherited)",
					"@executable_path/Frameworks",
				);
				MARKETING_VERSION = 1.0;
				PRODUCT_BUNDLE_IDENTIFIER = com.samuel.GoalTracker;
				PRODUCT_NAME = "$(TARGET_NAME)";
				STRING_CATALOG_GENERATE_SYMBOLS = YES;
				SWIFT_APPROACHABLE_CONCURRENCY = YES;
				SWIFT_DEFAULT_ACTOR_ISOLATION = MainActor;
				SWIFT_EMIT_LOC_STRINGS = YES;
				SWIFT_UPCOMING_FEATURE_MEMBER_IMPORT_VISIBILITY = YES;
				SWIFT_VERSION = 5.0;
				TARGETED_DEVICE_FAMILY = "1,2";
			};
			name = Release;
		};
		91ACC0442FA6B4E6003E8F87 /* Debug */ = {
			isa = XCBuildConfiguration;
			buildSettings = {
				BUNDLE_LOADER = "$(TEST_HOST)";
				CODE_SIGN_STYLE = Automatic;
				CURRENT_PROJECT_VERSION = 1;
				DEVELOPMENT_TEAM = QFXSZ288GU;
				GENERATE_INFOPLIST_FILE = YES;
				IPHONEOS_DEPLOYMENT_TARGET = 26.4;
				MARKETING_VERSION = 1.0;
				PRODUCT_BUNDLE_IDENTIFIER = com.samuel.GoalTrackerTests;
				PRODUCT_NAME = "$(TARGET_NAME)";
				STRING_CATALOG_GENERATE_SYMBOLS = NO;
				SWIFT_APPROACHABLE_CONCURRENCY = YES;
				SWIFT_EMIT_LOC_STRINGS = NO;
				SWIFT_UPCOMING_FEATURE_MEMBER_IMPORT_VISIBILITY = YES;
				SWIFT_VERSION = 5.0;
				TARGETED_DEVICE_FAMILY = "1,2";
				TEST_HOST = "$(BUILT_PRODUCTS_DIR)/GoalTracker.app/$(BUNDLE_EXECUTABLE_FOLDER_PATH)/GoalTracker";
			};
			name = Debug;
		};
		91ACC0452FA6B4E6003E8F87 /* Release */ = {
			isa = XCBuildConfiguration;
			buildSettings = {
				BUNDLE_LOADER = "$(TEST_HOST)";
				CODE_SIGN_STYLE = Automatic;
				CURRENT_PROJECT_VERSION = 1;
				DEVELOPMENT_TEAM = QFXSZ288GU;
				GENERATE_INFOPLIST_FILE = YES;
				IPHONEOS_DEPLOYMENT_TARGET = 26.4;
				MARKETING_VERSION = 1.0;
				PRODUCT_BUNDLE_IDENTIFIER = com.samuel.GoalTrackerTests;
				PRODUCT_NAME = "$(TARGET_NAME)";
				STRING_CATALOG_GENERATE_SYMBOLS = NO;
				SWIFT_APPROACHABLE_CONCURRENCY = YES;
				SWIFT_EMIT_LOC_STRINGS = NO;
				SWIFT_UPCOMING_FEATURE_MEMBER_IMPORT_VISIBILITY = YES;
				SWIFT_VERSION = 5.0;
				TARGETED_DEVICE_FAMILY = "1,2";
				TEST_HOST = "$(BUILT_PRODUCTS_DIR)/GoalTracker.app/$(BUNDLE_EXECUTABLE_FOLDER_PATH)/GoalTracker";
			};
			name = Release;
		};
		91ACC0472FA6B4E6003E8F87 /* Debug */ = {
			isa = XCBuildConfiguration;
			buildSettings = {
				CODE_SIGN_STYLE = Automatic;
				CURRENT_PROJECT_VERSION = 1;
				DEVELOPMENT_TEAM = QFXSZ288GU;
				GENERATE_INFOPLIST_FILE = YES;
				MARKETING_VERSION = 1.0;
				PRODUCT_BUNDLE_IDENTIFIER = com.samuel.GoalTrackerUITests;
				PRODUCT_NAME = "$(TARGET_NAME)";
				STRING_CATALOG_GENERATE_SYMBOLS = NO;
				SWIFT_APPROACHABLE_CONCURRENCY = YES;
				SWIFT_EMIT_LOC_STRINGS = NO;
				SWIFT_UPCOMING_FEATURE_MEMBER_IMPORT_VISIBILITY = YES;
				SWIFT_VERSION = 5.0;
				TARGETED_DEVICE_FAMILY = "1,2";
				TEST_TARGET_NAME = GoalTracker;
			};
			name = Debug;
		};
		91ACC0482FA6B4E6003E8F87 /* Release */ = {
			isa = XCBuildConfiguration;
			buildSettings = {
				CODE_SIGN_STYLE = Automatic;
				CURRENT_PROJECT_VERSION = 1;
				DEVELOPMENT_TEAM = QFXSZ288GU;
				GENERATE_INFOPLIST_FILE = YES;
				MARKETING_VERSION = 1.0;
				PRODUCT_BUNDLE_IDENTIFIER = com.samuel.GoalTrackerUITests;
				PRODUCT_NAME = "$(TARGET_NAME)";
				STRING_CATALOG_GENERATE_SYMBOLS = NO;
				SWIFT_APPROACHABLE_CONCURRENCY = YES;
				SWIFT_EMIT_LOC_STRINGS = NO;
				SWIFT_UPCOMING_FEATURE_MEMBER_IMPORT_VISIBILITY = YES;
				SWIFT_VERSION = 5.0;
				TARGETED_DEVICE_FAMILY = "1,2";
				TEST_TARGET_NAME = GoalTracker;
			};
			name = Release;
		};
/* End XCBuildConfiguration section */

/* Begin XCConfigurationList section */
		91ACC01A2FA6B4E5003E8F87 /* Build configuration list for PBXProject "GoalTracker" */ = {
			isa = XCConfigurationList;
			buildConfigurations = (
				91ACC03E2FA6B4E6003E8F87 /* Debug */,
				91ACC03F2FA6B4E6003E8F87 /* Release */,
			);
			defaultConfigurationIsVisible = 0;
			defaultConfigurationName = Release;
		};
		91ACC0402FA6B4E6003E8F87 /* Build configuration list for PBXNativeTarget "GoalTracker" */ = {
			isa = XCConfigurationList;
			buildConfigurations = (
				91ACC0412FA6B4E6003E8F87 /* Debug */,
				91ACC0422FA6B4E6003E8F87 /* Release */,
			);
			defaultConfigurationIsVisible = 0;
			defaultConfigurationName = Release;
		};
		91ACC0432FA6B4E6003E8F87 /* Build configuration list for PBXNativeTarget "GoalTrackerTests" */ = {
			isa = XCConfigurationList;
			buildConfigurations = (
				91ACC0442FA6B4E6003E8F87 /* Debug */,
				91ACC0452FA6B4E6003E8F87 /* Release */,
			);
			defaultConfigurationIsVisible = 0;
			defaultConfigurationName = Release;
		};
		91ACC0462FA6B4E6003E8F87 /* Build configuration list for PBXNativeTarget "GoalTrackerUITests" */ = {
			isa = XCConfigurationList;
			buildConfigurations = (
				91ACC0472FA6B4E6003E8F87 /* Debug */,
				91ACC0482FA6B4E6003E8F87 /* Release */,
			);
			defaultConfigurationIsVisible = 0;
			defaultConfigurationName = Release;
		};
/* End XCConfigurationList section */
	};
	rootObject = 91ACC0172FA6B4E5003E8F87 /* Project object */;
}
